{
  "name": "react-native-shbib-ui",
  "version": "1.0.3",
  "lockfileVersion": 1,
  "requires": true,
  "dependencies": {
    "react-native-image-view": {
      "version": "2.1.9",
      "resolved": "https://registry.npmjs.org/react-native-image-view/-/react-native-image-view-2.1.9.tgz",
      "integrity": "sha512-+DA/+tLM7KHaLs41Hdd+m5UpGX2qtEdMamMZCsXCsJ5J6RwWrqBXQrGVB9Op7dIkZW2DDRVKZTP/FuSNEGtzJg=="
    }
  }
}
